
Microsoft Visual Studio Solution File, Format Version 12.00
# Visual Studio Version 17
VisualStudioVersion = 17.6.33815.320
MinimumVisualStudioVersion = 10.0.40219.1
Project("{FAE04EC0-301F-11D3-BF4B-00C04F79EFBC}") = "DragonFly", "DragonFly\DragonFly.csproj", "{E5166227-2BE0-4185-81B3-75DCFD40324F}"
EndProject
Global
	GlobalSection(SolutionConfigurationPlatforms) = preSolution
		Debug|Any CPU = Debug|Any CPU
		Release|Any CPU = Release|Any CPU
	EndGlobalSection
	GlobalSection(ProjectConfigurationPlatforms) = postSolution
		{E5166227-2BE0-4185-81B3-75DCFD40324F}.Debug|Any CPU.ActiveCfg = Debug|Any CPU
		{E5166227-2BE0-4185-81B3-75DCFD40324F}.Debug|Any CPU.Build.0 = Debug|Any CPU
		{E5166227-2BE0-4185-81B3-75DCFD40324F}.Release|Any CPU.ActiveCfg = Release|Any CPU
		{E5166227-2BE0-4185-81B3-75DCFD40324F}.Release|Any CPU.Build.0 = Release|Any CPU
	EndGlobalSection
	GlobalSection(SolutionProperties) = preSolution
		HideSolutionNode = FALSE
	EndGlobalSection
	GlobalSection(ExtensibilityGlobals) = postSolution
		SolutionGuid = {5CA021E3-7D8A-4789-9D58-5D2AAA7F3FD7}
	EndGlobalSection
EndGlobal
